
Microsoft Visual Studio Solution File, Format Version 12.00
# Visual Studio Version 16
VisualStudioVersion = 16.0.29613.14
MinimumVisualStudioVersion = 10.0.40219.1
Project("{9A19103F-16F7-4668-BE54-9A1E7A4F7556}") = "SwimDataWebApp", "SwimDataWebApp\SwimDataWebApp.csproj", "{295CBB65-A241-4ED1-9EA5-EB94CBE65831}"
EndProject
Global
	GlobalSection(SolutionConfigurationPlatforms) = preSolution
		Debug|Any CPU = Debug|Any CPU
		Release|Any CPU = Release|Any CPU
	EndGlobalSection
	GlobalSection(ProjectConfigurationPlatforms) = postSolution
		{295CBB65-A241-4ED1-9EA5-EB94CBE65831}.Debug|Any CPU.ActiveCfg = Debug|Any CPU
		{295CBB65-A241-4ED1-9EA5-EB94CBE65831}.Debug|Any CPU.Build.0 = Debug|Any CPU
		{295CBB65-A241-4ED1-9EA5-EB94CBE65831}.Release|Any CPU.ActiveCfg = Release|Any CPU
		{295CBB65-A241-4ED1-9EA5-EB94CBE65831}.Release|Any CPU.Build.0 = Release|Any CPU
	EndGlobalSection
	GlobalSection(SolutionProperties) = preSolution
		HideSolutionNode = FALSE
	EndGlobalSection
	GlobalSection(ExtensibilityGlobals) = postSolution
		SolutionGuid = {11E08421-34AF-40A3-8319-1B798946DA36}
	EndGlobalSection
EndGlobal
