{
  "name": "wwwroot",
  "version": "1.0.0",
  "lockfileVersion": 1,
  "requires": true,
  "dependencies": {
    "chordplayer": {
      "version": "1.1.6",
      "resolved": "https://registry.npmjs.org/chordplayer/-/chordplayer-1.1.6.tgz",
      "integrity": "sha1-PSTwllXOur1Sr7uEstzJdKPa6bw=",
      "requires": {
        "lodash": "^3.9.3",
        "noteplayer": "^1.2.0"
      }
    },
    "lodash": {
      "version": "3.10.1",
      "resolved": "https://registry.npmjs.org/lodash/-/lodash-3.10.1.tgz",
      "integrity": "sha1-W/Rejkm6QYnhfUgnid/RW9FAt7Y="
    },
    "noteplayer": {
      "version": "1.2.1",
      "resolved": "https://registry.npmjs.org/noteplayer/-/noteplayer-1.2.1.tgz",
      "integrity": "sha1-cAYRNuxtejcFn3xjZlqWYfeitYI=",
      "requires": {
        "lodash": "^3.9.3"
      }
    },
    "paper": {
      "version": "0.12.4",
      "resolved": "https://registry.npmjs.org/paper/-/paper-0.12.4.tgz",
      "integrity": "sha512-KypUqX2uXJZOX2j55RcgnBzK7weau9WKVCB+3e0E1Wa9yxlV7z6BsSrrJxmLNIC0pATbjcy9pJYDutQ7rIhnpQ=="
    }
  }
}
